
Microsoft Visual Studio Solution File, Format Version 12.00
# Visual Studio Version 16
VisualStudioVersion = 16.0.29911.98
MinimumVisualStudioVersion = 10.0.40219.1
Project("{9A19103F-16F7-4668-BE54-9A1E7A4F7556}") = "CodeGenerator", "..\CodeGenerator\CodeGenerator.csproj", "{2FA2D7EC-307B-44D7-A238-D4565799D8A8}"
EndProject
Global
	GlobalSection(SolutionConfigurationPlatforms) = preSolution
		Debug|Any CPU = Debug|Any CPU
		Release|Any CPU = Release|Any CPU
	EndGlobalSection
	GlobalSection(ProjectConfigurationPlatforms) = postSolution
		{2FA2D7EC-307B-44D7-A238-D4565799D8A8}.Debug|Any CPU.ActiveCfg = Debug|Any CPU
		{2FA2D7EC-307B-44D7-A238-D4565799D8A8}.Debug|Any CPU.Build.0 = Debug|Any CPU
		{2FA2D7EC-307B-44D7-A238-D4565799D8A8}.Release|Any CPU.ActiveCfg = Release|Any CPU
		{2FA2D7EC-307B-44D7-A238-D4565799D8A8}.Release|Any CPU.Build.0 = Release|Any CPU
	EndGlobalSection
	GlobalSection(SolutionProperties) = preSolution
		HideSolutionNode = FALSE
	EndGlobalSection
	GlobalSection(ExtensibilityGlobals) = postSolution
		SolutionGuid = {A7429F37-8AB8-4310-916A-69FA8EAB306F}
	EndGlobalSection
EndGlobal
